// !$*UTF8*$!
{
	archiveVersion = 1;
	classes = {
	};
	objectVersion = 77;
	objects = {

/* Begin PBXBuildFile section */
		DE0DA3812FC8B240000110F0 /* Tally Watch Watch App.app in Embed Watch Content */ = {isa = PBXBuildFile; fileRef = DE0DA3772FC8B23F000110F0 /* Tally Watch Watch App.app */; platformFilters = (ios, maccatalyst, ); settings = {ATTRIBUTES = (RemoveHeadersOnCopy, ); }; };
		DE3C73CB2FC94FB80019F112 /* TallyStore.storekit in Resources */ = {isa = PBXBuildFile; fileRef = DE3C73CA2FC94FB80019F112 /* TallyStore.storekit */; };
		DE721C012FC8E7EB00E688D4 /* Auth in Frameworks */ = {isa = PBXBuildFile; productRef = DE721C002FC8E7EB00E688D4 /* Auth */; };
		DE721C032FC8E7EB00E688D4 /* PostgREST in Frameworks */ = {isa = PBXBuildFile; productRef = DE721C022FC8E7EB00E688D4 /* PostgREST */; };
		DE721C052FC8E7EB00E688D4 /* Supabase in Frameworks */ = {isa = PBXBuildFile; productRef = DE721C042FC8E7EB00E688D4 /* Supabase */; };
		DEC2CCFC2FC9417E008EBF15 /* WatchConnectivity.framework in Frameworks */ = {isa = PBXBuildFile; fileRef = DEC2CCFB2FC9417E008EBF15 /* WatchConnectivity.framework */; platformFilters = (ios, maccatalyst, ); };
		DEC2CCFE2FC9418D008EBF15 /* WatchConnectivity.framework in Frameworks */ = {isa = PBXBuildFile; fileRef = DEC2CCFD2FC9418D008EBF15 /* WatchConnectivity.framework */; };
		DEC2CD052FC94324008EBF15 /* WidgetKit.framework in Frameworks */ = {isa = PBXBuildFile; fileRef = DEC2CD042FC94324008EBF15 /* WidgetKit.framework */; };
		DEC2CD072FC94324008EBF15 /* SwiftUI.framework in Frameworks */ = {isa = PBXBuildFile; fileRef = DEC2CD062FC94324008EBF15 /* SwiftUI.framework */; };
		DEC2CD182FC94325008EBF15 /* TallyWidgetsExtension.appex in Embed Foundation Extensions */ = {isa = PBXBuildFile; fileRef = DEC2CD032FC94324008EBF15 /* TallyWidgetsExtension.appex */; platformFilters = (ios, maccatalyst, ); settings = {ATTRIBUTES = (RemoveHeadersOnCopy, ); }; };
/* End PBXBuildFile section */

/* Begin PBXContainerItemProxy section */
		DE0DA37F2FC8B240000110F0 /* PBXContainerItemProxy */ = {
			isa = PBXContainerItemProxy;
			containerPortal = DE0DA32B2FC8641A000110F0 /* Project object */;
			proxyType = 1;
			remoteGlobalIDString = DE0DA3762FC8B23F000110F0;
			remoteInfo = "Tally Watch Watch App";
		};
		DEC2CD162FC94325008EBF15 /* PBXContainerItemProxy */ = {
			isa = PBXContainerItemProxy;
			containerPortal = DE0DA32B2FC8641A000110F0 /* Project object */;
			proxyType = 1;
			remoteGlobalIDString = DEC2CD022FC94324008EBF15;
			remoteInfo = TallyWidgetsExtension;
		};
/* End PBXContainerItemProxy section */

/* Begin PBXCopyFilesBuildPhase section */
		DE0DA3852FC8B240000110F0 /* Embed Watch Content */ = {
			isa = PBXCopyFilesBuildPhase;
			buildActionMask = 2147483647;
			dstPath = "$(CONTENTS_FOLDER_PATH)/Watch";
			dstSubfolderSpec = 16;
			files = (
				DE0DA3812FC8B240000110F0 /* Tally Watch Watch App.app in Embed Watch Content */,
			);
			name = "Embed Watch Content";
			runOnlyForDeploymentPostprocessing = 0;
		};
		DEC2CD1D2FC94325008EBF15 /* Embed Foundation Extensions */ = {
			isa = PBXCopyFilesBuildPhase;
			buildActionMask = 2147483647;
			dstPath = "";
			dstSubfolderSpec = 13;
			files = (
				DEC2CD182FC94325008EBF15 /* TallyWidgetsExtension.appex in Embed Foundation Extensions */,
			);
			name = "Embed Foundation Extensions";
			runOnlyForDeploymentPostprocessing = 0;
		};
/* End PBXCopyFilesBuildPhase section */

/* Begin PBXFileReference section */
		DE0DA3332FC8641A000110F0 /* Tally.app */ = {isa = PBXFileReference; explicitFileType = wrapper.application; includeInIndex = 0; path = Tally.app; sourceTree = BUILT_PRODUCTS_DIR; };
		DE0DA3772FC8B23F000110F0 /* Tally Watch Watch App.app */ = {isa = PBXFileReference; explicitFileType = wrapper.application; includeInIndex = 0; path = "Tally Watch Watch App.app"; sourceTree = BUILT_PRODUCTS_DIR; };
		DE3C73B82FC945070019F112 /* TallyWidgetsExtension.entitlements */ = {isa = PBXFileReference; lastKnownFileType = text.plist.entitlements; path = TallyWidgetsExtension.entitlements; sourceTree = "<group>"; };
		DE3C73CA2FC94FB80019F112 /* TallyStore.storekit */ = {isa = PBXFileReference; lastKnownFileType = text; path = TallyStore.storekit; sourceTree = "<group>"; };
		DEC2CCFB2FC9417E008EBF15 /* WatchConnectivity.framework */ = {isa = PBXFileReference; lastKnownFileType = wrapper.framework; name = WatchConnectivity.framework; path = Platforms/MacOSX.platform/Developer/SDKs/MacOSX26.4.sdk/System/iOSSupport/System/Library/Frameworks/WatchConnectivity.framework; sourceTree = DEVELOPER_DIR; };
		DEC2CCFD2FC9418D008EBF15 /* WatchConnectivity.framework */ = {isa = PBXFileReference; lastKnownFileType = wrapper.framework; name = WatchConnectivity.framework; path = Platforms/WatchOS.platform/Developer/SDKs/WatchOS26.4.sdk/System/Library/Frameworks/WatchConnectivity.framework; sourceTree = DEVELOPER_DIR; };
		DEC2CD032FC94324008EBF15 /* TallyWidgetsExtension.appex */ = {isa = PBXFileReference; explicitFileType = "wrapper.app-extension"; includeInIndex = 0; path = TallyWidgetsExtension.appex; sourceTree = BUILT_PRODUCTS_DIR; };
		DEC2CD042FC94324008EBF15 /* WidgetKit.framework */ = {isa = PBXFileReference; lastKnownFileType = wrapper.framework; name = WidgetKit.framework; path = System/Library/Frameworks/WidgetKit.framework; sourceTree = SDKROOT; };
		DEC2CD062FC94324008EBF15 /* SwiftUI.framework */ = {isa = PBXFileReference; lastKnownFileType = wrapper.framework; name = SwiftUI.framework; path = System/Library/Frameworks/SwiftUI.framework; sourceTree = SDKROOT; };
/* End PBXFileReference section */

/* Begin PBXFileSystemSynchronizedBuildFileExceptionSet section */
		DE3C73C52FC948E30019F112 /* Exceptions for "Tally" folder in "TallyWidgetsExtension" target */ = {
			isa = PBXFileSystemSynchronizedBuildFileExceptionSet;
			membershipExceptions = (
				Helpers/TallyTimerAttributes.swift,
			);
			target = DEC2CD022FC94324008EBF15 /* TallyWidgetsExtension */;
		};
		DE721BFE2FC8E03200E688D4 /* Exceptions for "Tally" folder in "Tally Watch Watch App" target */ = {
			isa = PBXFileSystemSynchronizedBuildFileExceptionSet;
			membershipExceptions = (
				Helpers/SharedDataManager.swift,
			);
			target = DE0DA3762FC8B23F000110F0 /* Tally Watch Watch App */;
		};
		DE721C112FC920BB00E688D4 /* Exceptions for "Tally" folder in "Tally" target */ = {
			isa = PBXFileSystemSynchronizedBuildFileExceptionSet;
			membershipExceptions = (
				Info.plist,
			);
			target = DE0DA3322FC8641A000110F0 /* Tally */;
		};
		DEC2CD1C2FC94325008EBF15 /* Exceptions for "TallyWidgets" folder in "TallyWidgetsExtension" target */ = {
			isa = PBXFileSystemSynchronizedBuildFileExceptionSet;
			membershipExceptions = (
				Info.plist,
			);
			target = DEC2CD022FC94324008EBF15 /* TallyWidgetsExtension */;
		};
/* End PBXFileSystemSynchronizedBuildFileExceptionSet section */

/* Begin PBXFileSystemSynchronizedRootGroup section */
		DE0DA3352FC8641A000110F0 /* Tally */ = {
			isa = PBXFileSystemSynchronizedRootGroup;
			exceptions = (
				DE721C112FC920BB00E688D4 /* Exceptions for "Tally" folder in "Tally" target */,
				DE721BFE2FC8E03200E688D4 /* Exceptions for "Tally" folder in "Tally Watch Watch App" target */,
				DE3C73C52FC948E30019F112 /* Exceptions for "Tally" folder in "TallyWidgetsExtension" target */,
			);
			path = Tally;
			sourceTree = "<group>";
		};
		DE0DA3782FC8B23F000110F0 /* Tally Watch Watch App */ = {
			isa = PBXFileSystemSynchronizedRootGroup;
			path = "Tally Watch Watch App";
			sourceTree = "<group>";
		};
		DEC2CD082FC94324008EBF15 /* TallyWidgets */ = {
			isa = PBXFileSystemSynchronizedRootGroup;
			exceptions = (
				DEC2CD1C2FC94325008EBF15 /* Exceptions for "TallyWidgets" folder in "TallyWidgetsExtension" target */,
			);
			path = TallyWidgets;
			sourceTree = "<group>";
		};
/* End PBXFileSystemSynchronizedRootGroup section */

/* Begin PBXFrameworksBuildPhase section */
		DE0DA3302FC8641A000110F0 /* Frameworks */ = {
			isa = PBXFrameworksBuildPhase;
			buildActionMask = 2147483647;
			files = (
				DE721C032FC8E7EB00E688D4 /* PostgREST in Frameworks */,
				DEC2CCFC2FC9417E008EBF15 /* WatchConnectivity.framework in Frameworks */,
				DE721C012FC8E7EB00E688D4 /* Auth in Frameworks */,
				DE721C052FC8E7EB00E688D4 /* Supabase in Frameworks */,
			);
			runOnlyForDeploymentPostprocessing = 0;
		};
		DE0DA3742FC8B23F000110F0 /* Frameworks */ = {
			isa = PBXFrameworksBuildPhase;
			buildActionMask = 2147483647;
			files = (
				DEC2CCFE2FC9418D008EBF15 /* WatchConnectivity.framework in Frameworks */,
			);
			runOnlyForDeploymentPostprocessing = 0;
		};
		DEC2CD002FC94324008EBF15 /* Frameworks */ = {
			isa = PBXFrameworksBuildPhase;
			buildActionMask = 2147483647;
			files = (
				DEC2CD072FC94324008EBF15 /* SwiftUI.framework in Frameworks */,
				DEC2CD052FC94324008EBF15 /* WidgetKit.framework in Frameworks */,
			);
			runOnlyForDeploymentPostprocessing = 0;
		};
/* End PBXFrameworksBuildPhase section */

/* Begin PBXGroup section */
		DE0DA32A2FC8641A000110F0 = {
			isa = PBXGroup;
			children = (
				DE3C73CA2FC94FB80019F112 /* TallyStore.storekit */,
				DE3C73B82FC945070019F112 /* TallyWidgetsExtension.entitlements */,
				DE0DA3352FC8641A000110F0 /* Tally */,
				DE0DA3782FC8B23F000110F0 /* Tally Watch Watch App */,
				DEC2CD082FC94324008EBF15 /* TallyWidgets */,
				DEC2CCFA2FC9417E008EBF15 /* Frameworks */,
				DE0DA3342FC8641A000110F0 /* Products */,
			);
			sourceTree = "<group>";
		};
		DE0DA3342FC8641A000110F0 /* Products */ = {
			isa = PBXGroup;
			children = (
				DE0DA3332FC8641A000110F0 /* Tally.app */,
				DE0DA3772FC8B23F000110F0 /* Tally Watch Watch App.app */,
				DEC2CD032FC94324008EBF15 /* TallyWidgetsExtension.appex */,
			);
			name = Products;
			sourceTree = "<group>";
		};
		DEC2CCFA2FC9417E008EBF15 /* Frameworks */ = {
			isa = PBXGroup;
			children = (
				DEC2CCFD2FC9418D008EBF15 /* WatchConnectivity.framework */,
				DEC2CCFB2FC9417E008EBF15 /* WatchConnectivity.framework */,
				DEC2CD042FC94324008EBF15 /* WidgetKit.framework */,
				DEC2CD062FC94324008EBF15 /* SwiftUI.framework */,
			);
			name = Frameworks;
			sourceTree = "<group>";
		};
/* End PBXGroup section */

/* Begin PBXNativeTarget section */
		DE0DA3322FC8641A000110F0 /* Tally */ = {
			isa = PBXNativeTarget;
			buildConfigurationList = DE0DA3402FC8641B000110F0 /* Build configuration list for PBXNativeTarget "Tally" */;
			buildPhases = (
				DE0DA32F2FC8641A000110F0 /* Sources */,
				DE0DA3302FC8641A000110F0 /* Frameworks */,
				DE0DA3312FC8641A000110F0 /* Resources */,
				DE0DA3852FC8B240000110F0 /* Embed Watch Content */,
				DEC2CD1D2FC94325008EBF15 /* Embed Foundation Extensions */,
			);
			buildRules = (
			);
			dependencies = (
				DE0DA3802FC8B240000110F0 /* PBXTargetDependency */,
				DEC2CD172FC94325008EBF15 /* PBXTargetDependency */,
			);
			fileSystemSynchronizedGroups = (
				DE0DA3352FC8641A000110F0 /* Tally */,
			);
			name = Tally;
			packageProductDependencies = (
				DE721C002FC8E7EB00E688D4 /* Auth */,
				DE721C022FC8E7EB00E688D4 /* PostgREST */,
				DE721C042FC8E7EB00E688D4 /* Supabase */,
			);
			productName = Tally;
			productReference = DE0DA3332FC8641A000110F0 /* Tally.app */;
			productType = "com.apple.product-type.application";
		};
		DE0DA3762FC8B23F000110F0 /* Tally Watch Watch App */ = {
			isa = PBXNativeTarget;
			buildConfigurationList = DE0DA3822FC8B240000110F0 /* Build configuration list for PBXNativeTarget "Tally Watch Watch App" */;
			buildPhases = (
				DE0DA3732FC8B23F000110F0 /* Sources */,
				DE0DA3742FC8B23F000110F0 /* Frameworks */,
				DE0DA3752FC8B23F000110F0 /* Resources */,
			);
			buildRules = (
			);
			dependencies = (
			);
			fileSystemSynchronizedGroups = (
				DE0DA3782FC8B23F000110F0 /* Tally Watch Watch App */,
			);
			name = "Tally Watch Watch App";
			packageProductDependencies = (
			);
			productName = "Tally Watch Watch App";
			productReference = DE0DA3772FC8B23F000110F0 /* Tally Watch Watch App.app */;
			productType = "com.apple.product-type.application";
		};
		DEC2CD022FC94324008EBF15 /* TallyWidgetsExtension */ = {
			isa = PBXNativeTarget;
			buildConfigurationList = DEC2CD192FC94325008EBF15 /* Build configuration list for PBXNativeTarget "TallyWidgetsExtension" */;
			buildPhases = (
				DEC2CCFF2FC94324008EBF15 /* Sources */,
				DEC2CD002FC94324008EBF15 /* Frameworks */,
				DEC2CD012FC94324008EBF15 /* Resources */,
			);
			buildRules = (
			);
			dependencies = (
			);
			fileSystemSynchronizedGroups = (
				DEC2CD082FC94324008EBF15 /* TallyWidgets */,
			);
			name = TallyWidgetsExtension;
			packageProductDependencies = (
			);
			productName = TallyWidgetsExtension;
			productReference = DEC2CD032FC94324008EBF15 /* TallyWidgetsExtension.appex */;
			productType = "com.apple.product-type.app-extension";
		};
/* End PBXNativeTarget section */

/* Begin PBXProject section */
		DE0DA32B2FC8641A000110F0 /* Project object */ = {
			isa = PBXProject;
			attributes = {
				BuildIndependentTargetsInParallel = 1;
				LastSwiftUpdateCheck = 2640;
				LastUpgradeCheck = 2640;
				TargetAttributes = {
					DE0DA3322FC8641A000110F0 = {
						CreatedOnToolsVersion = 26.4.1;
					};
					DE0DA3762FC8B23F000110F0 = {
						CreatedOnToolsVersion = 26.4.1;
					};
					DEC2CD022FC94324008EBF15 = {
						CreatedOnToolsVersion = 26.4.1;
					};
				};
			};
			buildConfigurationList = DE0DA32E2FC8641A000110F0 /* Build configuration list for PBXProject "Tally" */;
			developmentRegion = en;
			hasScannedForEncodings = 0;
			knownRegions = (
				en,
				Base,
			);
			mainGroup = DE0DA32A2FC8641A000110F0;
			minimizedProjectReferenceProxies = 1;
			packageReferences = (
				DE721BFF2FC8E7EB00E688D4 /* XCRemoteSwiftPackageReference "supabase-swift" */,
			);
			preferredProjectObjectVersion = 77;
			productRefGroup = DE0DA3342FC8641A000110F0 /* Products */;
			projectDirPath = "";
			projectRoot = "";
			targets = (
				DE0DA3322FC8641A000110F0 /* Tally */,
				DE0DA3762FC8B23F000110F0 /* Tally Watch Watch App */,
				DEC2CD022FC94324008EBF15 /* TallyWidgetsExtension */,
			);
		};
/* End PBXProject section */

/* Begin PBXResourcesBuildPhase section */
		DE0DA3312FC8641A000110F0 /* Resources */ = {
			isa = PBXResourcesBuildPhase;
			buildActionMask = 2147483647;
			files = (
				DE3C73CB2FC94FB80019F112 /* TallyStore.storekit in Resources */,
			);
			runOnlyForDeploymentPostprocessing = 0;
		};
		DE0DA3752FC8B23F000110F0 /* Resources */ = {
			isa = PBXResourcesBuildPhase;
			buildActionMask = 2147483647;
			files = (
			);
			runOnlyForDeploymentPostprocessing = 0;
		};
		DEC2CD012FC94324008EBF15 /* Resources */ = {
			isa = PBXResourcesBuildPhase;
			buildActionMask = 2147483647;
			files = (
			);
			runOnlyForDeploymentPostprocessing = 0;
		};
/* End PBXResourcesBuildPhase section */

/* Begin PBXSourcesBuildPhase section */
		DE0DA32F2FC8641A000110F0 /* Sources */ = {
			isa = PBXSourcesBuildPhase;
			buildActionMask = 2147483647;
			files = (
			);
			runOnlyForDeploymentPostprocessing = 0;
		};
		DE0DA3732FC8B23F000110F0 /* Sources */ = {
			isa = PBXSourcesBuildPhase;
			buildActionMask = 2147483647;
			files = (
			);
			runOnlyForDeploymentPostprocessing = 0;
		};
		DEC2CCFF2FC94324008EBF15 /* Sources */ = {
			isa = PBXSourcesBuildPhase;
			buildActionMask = 2147483647;
			files = (
			);
			runOnlyForDeploymentPostprocessing = 0;
		};
/* End PBXSourcesBuildPhase section */

/* Begin PBXTargetDependency section */
		DE0DA3802FC8B240000110F0 /* PBXTargetDependency */ = {
			isa = PBXTargetDependency;
			platformFilters = (
				ios,
				maccatalyst,
			);
			target = DE0DA3762FC8B23F000110F0 /* Tally Watch Watch App */;
			targetProxy = DE0DA37F2FC8B240000110F0 /* PBXContainerItemProxy */;
		};
		DEC2CD172FC94325008EBF15 /* PBXTargetDependency */ = {
			isa = PBXTargetDependency;
			platformFilters = (
				ios,
				maccatalyst,
			);
			target = DEC2CD022FC94324008EBF15 /* TallyWidgetsExtension */;
			targetProxy = DEC2CD162FC94325008EBF15 /* PBXContainerItemProxy */;
		};
/* End PBXTargetDependency section */

/* Begin XCBuildConfiguration section */
		DE0DA33E2FC8641B000110F0 /* Debug */ = {
			isa = XCBuildConfiguration;
			buildSettings = {
				ALWAYS_SEARCH_USER_PATHS = NO;
				ASSETCATALOG_COMPILER_GENERATE_SWIFT_ASSET_SYMBOL_EXTENSIONS = YES;
				CLANG_ANALYZER_NONNULL = YES;
				CLANG_ANALYZER_NUMBER_OBJECT_CONVERSION = YES_AGGRESSIVE;
				CLANG_CXX_LANGUAGE_STANDARD = "gnu++20";
				CLANG_ENABLE_MODULES = YES;
				CLANG_ENABLE_OBJC_ARC = YES;
				CLANG_ENABLE_OBJC_WEAK = YES;
				CLANG_WARN_BLOCK_CAPTURE_AUTORELEASING = YES;
				CLANG_WARN_BOOL_CONVERSION = YES;
				CLANG_WARN_COMMA = YES;
				CLANG_WARN_CONSTANT_CONVERSION = YES;
				CLANG_WARN_DEPRECATED_OBJC_IMPLEMENTATIONS = YES;
				CLANG_WARN_DIRECT_OBJC_ISA_USAGE = YES_ERROR;
				CLANG_WARN_DOCUMENTATION_COMMENTS = YES;
				CLANG_WARN_EMPTY_BODY = YES;
				CLANG_WARN_ENUM_CONVERSION = YES;
				CLANG_WARN_INFINITE_RECURSION = YES;
				CLANG_WARN_INT_CONVERSION = YES;
				CLANG_WARN_NON_LITERAL_NULL_CONVERSION = YES;
				CLANG_WARN_OBJC_IMPLICIT_RETAIN_SELF = YES;
				CLANG_WARN_OBJC_LITERAL_CONVERSION = YES;
				CLANG_WARN_OBJC_ROOT_CLASS = YES_ERROR;
				CLANG_WARN_QUOTED_INCLUDE_IN_FRAMEWORK_HEADER = YES;
				CLANG_WARN_RANGE_LOOP_ANALYSIS = YES;
				CLANG_WARN_STRICT_PROTOTYPES = YES;
				CLANG_WARN_SUSPICIOUS_MOVE = YES;
				CLANG_WARN_UNGUARDED_AVAILABILITY = YES_AGGRESSIVE;
				CLANG_WARN_UNREACHABLE_CODE = YES;
				CLANG_WARN__DUPLICATE_METHOD_MATCH = YES;
				COPY_PHASE_STRIP = NO;
				DEBUG_INFORMATION_FORMAT = dwarf;
				DEVELOPMENT_TEAM = S4RSN4KFD3;
				ENABLE_STRICT_OBJC_MSGSEND = YES;
				ENABLE_TESTABILITY = YES;
				ENABLE_USER_SCRIPT_SANDBOXING = YES;
				GCC_C_LANGUAGE_STANDARD = gnu17;
				GCC_DYNAMIC_NO_PIC = NO;
				GCC_NO_COMMON_BLOCKS = YES;
				GCC_OPTIMIZATION_LEVEL = 0;
				GCC_PREPROCESSOR_DEFINITIONS = (
					"DEBUG=1",
					"$(inherited)",
				);
				GCC_WARN_64_TO_32_BIT_CONVERSION = YES;
				GCC_WARN_ABOUT_RETURN_TYPE = YES_ERROR;
				GCC_WARN_UNDECLARED_SELECTOR = YES;
				GCC_WARN_UNINITIALIZED_AUTOS = YES_AGGRESSIVE;
				GCC_WARN_UNUSED_FUNCTION = YES;
				GCC_WARN_UNUSED_VARIABLE = YES;
				IPHONEOS_DEPLOYMENT_TARGET = 26.4;
				LOCALIZATION_PREFERS_STRING_CATALOGS = YES;
				MTL_ENABLE_DEBUG_INFO = INCLUDE_SOURCE;
				MTL_FAST_MATH = YES;
				ONLY_ACTIVE_ARCH = YES;
				SDKROOT = iphoneos;
				SWIFT_ACTIVE_COMPILATION_CONDITIONS = "DEBUG $(inherited)";
				SWIFT_OPTIMIZATION_LEVEL = "-Onone";
			};
			name = Debug;
		};
		DE0DA33F2FC8641B000110F0 /* Release */ = {
			isa = XCBuildConfiguration;
			buildSettings = {
				ALWAYS_SEARCH_USER_PATHS = NO;
				ASSETCATALOG_COMPILER_GENERATE_SWIFT_ASSET_SYMBOL_EXTENSIONS = YES;
				CLANG_ANALYZER_NONNULL = YES;
				CLANG_ANALYZER_NUMBER_OBJECT_CONVERSION = YES_AGGRESSIVE;
				CLANG_CXX_LANGUAGE_STANDARD = "gnu++20";
				CLANG_ENABLE_MODULES = YES;
				CLANG_ENABLE_OBJC_ARC = YES;
				CLANG_ENABLE_OBJC_WEAK = YES;
				CLANG_WARN_BLOCK_CAPTURE_AUTORELEASING = YES;
				CLANG_WARN_BOOL_CONVERSION = YES;
				CLANG_WARN_COMMA = YES;
				CLANG_WARN_CONSTANT_CONVERSION = YES;
				CLANG_WARN_DEPRECATED_OBJC_IMPLEMENTATIONS = YES;
				CLANG_WARN_DIRECT_OBJC_ISA_USAGE = YES_ERROR;
				CLANG_WARN_DOCUMENTATION_COMMENTS = YES;
				CLANG_WARN_EMPTY_BODY = YES;
				CLANG_WARN_ENUM_CONVERSION = YES;
				CLANG_WARN_INFINITE_RECURSION = YES;
				CLANG_WARN_INT_CONVERSION = YES;
				CLANG_WARN_NON_LITERAL_NULL_CONVERSION = YES;
				CLANG_WARN_OBJC_IMPLICIT_RETAIN_SELF = YES;
				CLANG_WARN_OBJC_LITERAL_CONVERSION = YES;
				CLANG_WARN_OBJC_ROOT_CLASS = YES_ERROR;
				CLANG_WARN_QUOTED_INCLUDE_IN_FRAMEWORK_HEADER = YES;
				CLANG_WARN_RANGE_LOOP_ANALYSIS = YES;
				CLANG_WARN_STRICT_PROTOTYPES = YES;
				CLANG_WARN_SUSPICIOUS_MOVE = YES;
				CLANG_WARN_UNGUARDED_AVAILABILITY = YES_AGGRESSIVE;
				CLANG_WARN_UNREACHABLE_CODE = YES;
				CLANG_WARN__DUPLICATE_METHOD_MATCH = YES;
				COPY_PHASE_STRIP = NO;
				DEBUG_INFORMATION_FORMAT = "dwarf-with-dsym";
				DEVELOPMENT_TEAM = S4RSN4KFD3;
				ENABLE_NS_ASSERTIONS = NO;
				ENABLE_STRICT_OBJC_MSGSEND = YES;
				ENABLE_USER_SCRIPT_SANDBOXING = YES;
				GCC_C_LANGUAGE_STANDARD = gnu17;
				GCC_NO_COMMON_BLOCKS = YES;
				GCC_WARN_64_TO_32_BIT_CONVERSION = YES;
				GCC_WARN_ABOUT_RETURN_TYPE = YES_ERROR;
				GCC_WARN_UNDECLARED_SELECTOR = YES;
				GCC_WARN_UNINITIALIZED_AUTOS = YES_AGGRESSIVE;
				GCC_WARN_UNUSED_FUNCTION = YES;
				GCC_WARN_UNUSED_VARIABLE = YES;
				IPHONEOS_DEPLOYMENT_TARGET = 26.4;
				LOCALIZATION_PREFERS_STRING_CATALOGS = YES;
				MTL_ENABLE_DEBUG_INFO = NO;
				MTL_FAST_MATH = YES;
				SDKROOT = iphoneos;
				SWIFT_COMPILATION_MODE = wholemodule;
				VALIDATE_PRODUCT = YES;
			};
			name = Release;
		};
		DE0DA3412FC8641B000110F0 /* Debug */ = {
			isa = XCBuildConfiguration;
			buildSettings = {
				ASSETCATALOG_COMPILER_APPICON_NAME = AppIcon;
				ASSETCATALOG_COMPILER_GLOBAL_ACCENT_COLOR_NAME = AccentColor;
				CODE_SIGN_ENTITLEMENTS = Tally/Tally.entitlements;
				CODE_SIGN_STYLE = Automatic;
				CURRENT_PROJECT_VERSION = 1;
				DEVELOPMENT_TEAM = S4RSN4KFD3;
				ENABLE_APP_SANDBOX = YES;
				ENABLE_HARDENED_RUNTIME = YES;
				ENABLE_OUTGOING_NETWORK_CONNECTIONS = YES;
				ENABLE_PREVIEWS = YES;
				GENERATE_INFOPLIST_FILE = YES;
				INFOPLIST_FILE = Tally/Info.plist;
				INFOPLIST_KEY_CFBundleDisplayName = Tally;
				INFOPLIST_KEY_LSApplicationCategoryType = "public.app-category.utilities";
				INFOPLIST_KEY_UIApplicationSceneManifest_Generation = YES;
				INFOPLIST_KEY_UIApplicationSupportsIndirectInputEvents = YES;
				INFOPLIST_KEY_UILaunchScreen_Generation = YES;
				INFOPLIST_KEY_UISupportedInterfaceOrientations_iPad = "UIInterfaceOrientationPortrait UIInterfaceOrientationPortraitUpsideDown UIInterfaceOrientationLandscapeLeft UIInterfaceOrientationLandscapeRight";
				INFOPLIST_KEY_UISupportedInterfaceOrientations_iPhone = "UIInterfaceOrientationPortrait UIInterfaceOrientationLandscapeLeft UIInterfaceOrientationLandscapeRight";
				IPHONEOS_DEPLOYMENT_TARGET = 17.0;
				LD_RUNPATH_SEARCH_PATHS = (
					"$(inherited)",
					"@executable_path/Frameworks",
				);
				MACOSX_DEPLOYMENT_TARGET = 14.0;
				MARKETING_VERSION = 1.0;
				PRODUCT_BUNDLE_IDENTIFIER = name.GeorgeClinkscales.Tally;
				PRODUCT_NAME = "$(TARGET_NAME)";
				REGISTER_APP_GROUPS = YES;
				STRING_CATALOG_GENERATE_SYMBOLS = YES;
				SUPPORTED_PLATFORMS = "iphoneos iphonesimulator macosx";
				SUPPORTS_MACCATALYST = YES;
				SUPPORTS_MAC_DESIGNED_FOR_IPHONE_IPAD = NO;
				SWIFT_APPROACHABLE_CONCURRENCY = YES;
				SWIFT_DEFAULT_ACTOR_ISOLATION = MainActor;
				SWIFT_EMIT_LOC_STRINGS = YES;
				SWIFT_UPCOMING_FEATURE_MEMBER_IMPORT_VISIBILITY = YES;
				SWIFT_VERSION = 5.0;
				TARGETED_DEVICE_FAMILY = "1,2";
			};
			name = Debug;
		};
		DE0DA3422FC8641B000110F0 /* Release */ = {
			isa = XCBuildConfiguration;
			buildSettings = {
				ASSETCATALOG_COMPILER_APPICON_NAME = AppIcon;
				ASSETCATALOG_COMPILER_GLOBAL_ACCENT_COLOR_NAME = AccentColor;
				CODE_SIGN_ENTITLEMENTS = Tally/Tally.entitlements;
				CODE_SIGN_STYLE = Automatic;
				CURRENT_PROJECT_VERSION = 1;
				DEVELOPMENT_TEAM = S4RSN4KFD3;
				ENABLE_APP_SANDBOX = YES;
				ENABLE_HARDENED_RUNTIME = YES;
				ENABLE_OUTGOING_NETWORK_CONNECTIONS = YES;
				ENABLE_PREVIEWS = YES;
				GENERATE_INFOPLIST_FILE = YES;
				INFOPLIST_FILE = Tally/Info.plist;
				INFOPLIST_KEY_CFBundleDisplayName = Tally;
				INFOPLIST_KEY_LSApplicationCategoryType = "public.app-category.utilities";
				INFOPLIST_KEY_UIApplicationSceneManifest_Generation = YES;
				INFOPLIST_KEY_UIApplicationSupportsIndirectInputEvents = YES;
				INFOPLIST_KEY_UILaunchScreen_Generation = YES;
				INFOPLIST_KEY_UISupportedInterfaceOrientations_iPad = "UIInterfaceOrientationPortrait UIInterfaceOrientationPortraitUpsideDown UIInterfaceOrientationLandscapeLeft UIInterfaceOrientationLandscapeRight";
				INFOPLIST_KEY_UISupportedInterfaceOrientations_iPhone = "UIInterfaceOrientationPortrait UIInterfaceOrientationLandscapeLeft UIInterfaceOrientationLandscapeRight";
				IPHONEOS_DEPLOYMENT_TARGET = 17.0;
				LD_RUNPATH_SEARCH_PATHS = (
					"$(inherited)",
					"@executable_path/Frameworks",
				);
				MACOSX_DEPLOYMENT_TARGET = 14.0;
				MARKETING_VERSION = 1.0;
				PRODUCT_BUNDLE_IDENTIFIER = name.GeorgeClinkscales.Tally;
				PRODUCT_NAME = "$(TARGET_NAME)";
				REGISTER_APP_GROUPS = YES;
				STRING_CATALOG_GENERATE_SYMBOLS = YES;
				SUPPORTED_PLATFORMS = "iphoneos iphonesimulator macosx";
				SUPPORTS_MACCATALYST = YES;
				SUPPORTS_MAC_DESIGNED_FOR_IPHONE_IPAD = NO;
				SWIFT_APPROACHABLE_CONCURRENCY = YES;
				SWIFT_DEFAULT_ACTOR_ISOLATION = MainActor;
				SWIFT_EMIT_LOC_STRINGS = YES;
				SWIFT_UPCOMING_FEATURE_MEMBER_IMPORT_VISIBILITY = YES;
				SWIFT_VERSION = 5.0;
				TARGETED_DEVICE_FAMILY = "1,2";
			};
			name = Release;
		};
		DE0DA3832FC8B240000110F0 /* Debug */ = {
			isa = XCBuildConfiguration;
			buildSettings = {
				ASSETCATALOG_COMPILER_APPICON_NAME = AppIcon;
				ASSETCATALOG_COMPILER_GLOBAL_ACCENT_COLOR_NAME = AccentColor;
				CODE_SIGN_ENTITLEMENTS = "Tally Watch Watch App/Tally Watch Watch App.entitlements";
				CODE_SIGN_STYLE = Automatic;
				CURRENT_PROJECT_VERSION = 1;
				DEVELOPMENT_TEAM = S4RSN4KFD3;
				ENABLE_PREVIEWS = YES;
				GENERATE_INFOPLIST_FILE = YES;
				INFOPLIST_KEY_CFBundleDisplayName = "Tally Watch";
				INFOPLIST_KEY_UISupportedInterfaceOrientations = "UIInterfaceOrientationPortrait UIInterfaceOrientationPortraitUpsideDown";
				INFOPLIST_KEY_WKCompanionAppBundleIdentifier = name.GeorgeClinkscales.Tally;
				LD_RUNPATH_SEARCH_PATHS = (
					"$(inherited)",
					"@executable_path/Frameworks",
				);
				MARKETING_VERSION = 1.0;
				PRODUCT_BUNDLE_IDENTIFIER = name.GeorgeClinkscales.Tally.watchkitapp;
				PRODUCT_NAME = "$(TARGET_NAME)";
				SDKROOT = watchos;
				SKIP_INSTALL = YES;
				STRING_CATALOG_GENERATE_SYMBOLS = YES;
				SWIFT_APPROACHABLE_CONCURRENCY = YES;
				SWIFT_DEFAULT_ACTOR_ISOLATION = MainActor;
				SWIFT_EMIT_LOC_STRINGS = YES;
				SWIFT_UPCOMING_FEATURE_MEMBER_IMPORT_VISIBILITY = YES;
				SWIFT_VERSION = 5.0;
				TARGETED_DEVICE_FAMILY = 4;
				WATCHOS_DEPLOYMENT_TARGET = 9.0;
			};
			name = Debug;
		};
		DE0DA3842FC8B240000110F0 /* Release */ = {
			isa = XCBuildConfiguration;
			buildSettings = {
				ASSETCATALOG_COMPILER_APPICON_NAME = AppIcon;
				ASSETCATALOG_COMPILER_GLOBAL_ACCENT_COLOR_NAME = AccentColor;
				CODE_SIGN_ENTITLEMENTS = "Tally Watch Watch App/Tally Watch Watch App.entitlements";
				CODE_SIGN_STYLE = Automatic;
				CURRENT_PROJECT_VERSION = 1;
				DEVELOPMENT_TEAM = S4RSN4KFD3;
				ENABLE_PREVIEWS = YES;
				GENERATE_INFOPLIST_FILE = YES;
				INFOPLIST_KEY_CFBundleDisplayName = "Tally Watch";
				INFOPLIST_KEY_UISupportedInterfaceOrientations = "UIInterfaceOrientationPortrait UIInterfaceOrientationPortraitUpsideDown";
				INFOPLIST_KEY_WKCompanionAppBundleIdentifier = name.GeorgeClinkscales.Tally;
				LD_RUNPATH_SEARCH_PATHS = (
					"$(inherited)",
					"@executable_path/Frameworks",
				);
				MARKETING_VERSION = 1.0;
				PRODUCT_BUNDLE_IDENTIFIER = name.GeorgeClinkscales.Tally.watchkitapp;
				PRODUCT_NAME = "$(TARGET_NAME)";
				SDKROOT = watchos;
				SKIP_INSTALL = YES;
				STRING_CATALOG_GENERATE_SYMBOLS = YES;
				SWIFT_APPROACHABLE_CONCURRENCY = YES;
				SWIFT_DEFAULT_ACTOR_ISOLATION = MainActor;
				SWIFT_EMIT_LOC_STRINGS = YES;
				SWIFT_UPCOMING_FEATURE_MEMBER_IMPORT_VISIBILITY = YES;
				SWIFT_VERSION = 5.0;
				TARGETED_DEVICE_FAMILY = 4;
				WATCHOS_DEPLOYMENT_TARGET = 9.0;
			};
			name = Release;
		};
		DEC2CD1A2FC94325008EBF15 /* Debug */ = {
			isa = XCBuildConfiguration;
			buildSettings = {
				ASSETCATALOG_COMPILER_GLOBAL_ACCENT_COLOR_NAME = AccentColor;
				ASSETCATALOG_COMPILER_WIDGET_BACKGROUND_COLOR_NAME = WidgetBackground;
				CODE_SIGN_ENTITLEMENTS = TallyWidgetsExtension.entitlements;
				CODE_SIGN_STYLE = Automatic;
				CURRENT_PROJECT_VERSION = 1;
				DEVELOPMENT_TEAM = S4RSN4KFD3;
				GENERATE_INFOPLIST_FILE = YES;
				INFOPLIST_FILE = TallyWidgets/Info.plist;
				INFOPLIST_KEY_CFBundleDisplayName = TallyWidgets;
				INFOPLIST_KEY_NSHumanReadableCopyright = "";
				LD_RUNPATH_SEARCH_PATHS = (
					"$(inherited)",
					"@executable_path/Frameworks",
					"@executable_path/../../Frameworks",
				);
				MARKETING_VERSION = 1.0;
				PRODUCT_BUNDLE_IDENTIFIER = name.GeorgeClinkscales.Tally.TallyWidgets;
				PRODUCT_NAME = "$(TARGET_NAME)";
				SKIP_INSTALL = YES;
				STRING_CATALOG_GENERATE_SYMBOLS = YES;
				SWIFT_APPROACHABLE_CONCURRENCY = YES;
				SWIFT_EMIT_LOC_STRINGS = YES;
				SWIFT_UPCOMING_FEATURE_MEMBER_IMPORT_VISIBILITY = YES;
				SWIFT_VERSION = 5.0;
				TARGETED_DEVICE_FAMILY = "1,2";
			};
			name = Debug;
		};
		DEC2CD1B2FC94325008EBF15 /* Release */ = {
			isa = XCBuildConfiguration;
			buildSettings = {
				ASSETCATALOG_COMPILER_GLOBAL_ACCENT_COLOR_NAME = AccentColor;
				ASSETCATALOG_COMPILER_WIDGET_BACKGROUND_COLOR_NAME = WidgetBackground;
				CODE_SIGN_ENTITLEMENTS = TallyWidgetsExtension.entitlements;
				CODE_SIGN_STYLE = Automatic;
				CURRENT_PROJECT_VERSION = 1;
				DEVELOPMENT_TEAM = S4RSN4KFD3;
				GENERATE_INFOPLIST_FILE = YES;
				INFOPLIST_FILE = TallyWidgets/Info.plist;
				INFOPLIST_KEY_CFBundleDisplayName = TallyWidgets;
				INFOPLIST_KEY_NSHumanReadableCopyright = "";
				LD_RUNPATH_SEARCH_PATHS = (
					"$(inherited)",
					"@executable_path/Frameworks",
					"@executable_path/../../Frameworks",
				);
				MARKETING_VERSION = 1.0;
				PRODUCT_BUNDLE_IDENTIFIER = name.GeorgeClinkscales.Tally.TallyWidgets;
				PRODUCT_NAME = "$(TARGET_NAME)";
				SKIP_INSTALL = YES;
				STRING_CATALOG_GENERATE_SYMBOLS = YES;
				SWIFT_APPROACHABLE_CONCURRENCY = YES;
				SWIFT_EMIT_LOC_STRINGS = YES;
				SWIFT_UPCOMING_FEATURE_MEMBER_IMPORT_VISIBILITY = YES;
				SWIFT_VERSION = 5.0;
				TARGETED_DEVICE_FAMILY = "1,2";
			};
			name = Release;
		};
/* End XCBuildConfiguration section */

/* Begin XCConfigurationList section */
		DE0DA32E2FC8641A000110F0 /* Build configuration list for PBXProject "Tally" */ = {
			isa = XCConfigurationList;
			buildConfigurations = (
				DE0DA33E2FC8641B000110F0 /* Debug */,
				DE0DA33F2FC8641B000110F0 /* Release */,
			);
			defaultConfigurationIsVisible = 0;
			defaultConfigurationName = Release;
		};
		DE0DA3402FC8641B000110F0 /* Build configuration list for PBXNativeTarget "Tally" */ = {
			isa = XCConfigurationList;
			buildConfigurations = (
				DE0DA3412FC8641B000110F0 /* Debug */,
				DE0DA3422FC8641B000110F0 /* Release */,
			);
			defaultConfigurationIsVisible = 0;
			defaultConfigurationName = Release;
		};
		DE0DA3822FC8B240000110F0 /* Build configuration list for PBXNativeTarget "Tally Watch Watch App" */ = {
			isa = XCConfigurationList;
			buildConfigurations = (
				DE0DA3832FC8B240000110F0 /* Debug */,
				DE0DA3842FC8B240000110F0 /* Release */,
			);
			defaultConfigurationIsVisible = 0;
			defaultConfigurationName = Release;
		};
		DEC2CD192FC94325008EBF15 /* Build configuration list for PBXNativeTarget "TallyWidgetsExtension" */ = {
			isa = XCConfigurationList;
			buildConfigurations = (
				DEC2CD1A2FC94325008EBF15 /* Debug */,
				DEC2CD1B2FC94325008EBF15 /* Release */,
			);
			defaultConfigurationIsVisible = 0;
			defaultConfigurationName = Release;
		};
/* End XCConfigurationList section */

/* Begin XCRemoteSwiftPackageReference section */
		DE721BFF2FC8E7EB00E688D4 /* XCRemoteSwiftPackageReference "supabase-swift" */ = {
			isa = XCRemoteSwiftPackageReference;
			repositoryURL = "https://github.com/supabase-community/supabase-swift";
			requirement = {
				kind = upToNextMajorVersion;
				minimumVersion = 2.5.1;
			};
		};
/* End XCRemoteSwiftPackageReference section */

/* Begin XCSwiftPackageProductDependency section */
		DE721C002FC8E7EB00E688D4 /* Auth */ = {
			isa = XCSwiftPackageProductDependency;
			package = DE721BFF2FC8E7EB00E688D4 /* XCRemoteSwiftPackageReference "supabase-swift" */;
			productName = Auth;
		};
		DE721C022FC8E7EB00E688D4 /* PostgREST */ = {
			isa = XCSwiftPackageProductDependency;
			package = DE721BFF2FC8E7EB00E688D4 /* XCRemoteSwiftPackageReference "supabase-swift" */;
			productName = PostgREST;
		};
		DE721C042FC8E7EB00E688D4 /* Supabase */ = {
			isa = XCSwiftPackageProductDependency;
			package = DE721BFF2FC8E7EB00E688D4 /* XCRemoteSwiftPackageReference "supabase-swift" */;
			productName = Supabase;
		};
/* End XCSwiftPackageProductDependency section */
	};
	rootObject = DE0DA32B2FC8641A000110F0 /* Project object */;
}
